
Microsoft Visual Studio Solution File, Format Version 12.00
# Visual Studio 15
Project("{FAE04EC0-301F-11D3-BF4B-00C04F79EFBC}") = "UniRx", "UniRx.csproj", "{8A8C67B6-DF7C-8CC9-8EED-808EBD7105FC}"
EndProject
Project("{FAE04EC0-301F-11D3-BF4B-00C04F79EFBC}") = "UniRx.Examples", "UniRx.Examples.csproj", "{D5B5F034-3997-8F05-934A-B9EC66493923}"
EndProject
Project("{FAE04EC0-301F-11D3-BF4B-00C04F79EFBC}") = "Assembly-CSharp", "Assembly-CSharp.csproj", "{B5341008-15CB-1FB0-0FD6-A7828A16E535}"
EndProject
Global
	GlobalSection(SolutionConfigurationPlatforms) = preSolution
		Debug|Any CPU = Debug|Any CPU
		Release|Any CPU = Release|Any CPU
	EndGlobalSection
	GlobalSection(ProjectConfigurationPlatforms) = postSolution
		{8A8C67B6-DF7C-8CC9-8EED-808EBD7105FC}.Debug|Any CPU.ActiveCfg = Debug|Any CPU
		{8A8C67B6-DF7C-8CC9-8EED-808EBD7105FC}.Debug|Any CPU.Build.0 = Debug|Any CPU
		{8A8C67B6-DF7C-8CC9-8EED-808EBD7105FC}.Release|Any CPU.ActiveCfg = Release|Any CPU
		{8A8C67B6-DF7C-8CC9-8EED-808EBD7105FC}.Release|Any CPU.Build.0 = Release|Any CPU
		{D5B5F034-3997-8F05-934A-B9EC66493923}.Debug|Any CPU.ActiveCfg = Debug|Any CPU
		{D5B5F034-3997-8F05-934A-B9EC66493923}.Debug|Any CPU.Build.0 = Debug|Any CPU
		{D5B5F034-3997-8F05-934A-B9EC66493923}.Release|Any CPU.ActiveCfg = Release|Any CPU
		{D5B5F034-3997-8F05-934A-B9EC66493923}.Release|Any CPU.Build.0 = Release|Any CPU
		{B5341008-15CB-1FB0-0FD6-A7828A16E535}.Debug|Any CPU.ActiveCfg = Debug|Any CPU
		{B5341008-15CB-1FB0-0FD6-A7828A16E535}.Debug|Any CPU.Build.0 = Debug|Any CPU
		{B5341008-15CB-1FB0-0FD6-A7828A16E535}.Release|Any CPU.ActiveCfg = Release|Any CPU
		{B5341008-15CB-1FB0-0FD6-A7828A16E535}.Release|Any CPU.Build.0 = Release|Any CPU
	EndGlobalSection
	GlobalSection(SolutionProperties) = preSolution
		HideSolutionNode = FALSE
	EndGlobalSection
EndGlobal
